
Microsoft Visual Studio Solution File, Format Version 12.00
# Visual Studio Version 17
VisualStudioVersion = 17.14.37111.16 d17.14
MinimumVisualStudioVersion = 10.0.40219.1
Project("{FAE04EC0-301F-11D3-BF4B-00C04F79EFBC}") = "GameDevHub.Api", "GameDevHub.Api\GameDevHub.Api.csproj", "{B0F0FB73-6BF3-4784-B823-907485756486}"
EndProject
Global
	GlobalSection(SolutionConfigurationPlatforms) = preSolution
		Debug|Any CPU = Debug|Any CPU
		Release|Any CPU = Release|Any CPU
	EndGlobalSection
	GlobalSection(ProjectConfigurationPlatforms) = postSolution
		{B0F0FB73-6BF3-4784-B823-907485756486}.Debug|Any CPU.ActiveCfg = Debug|Any CPU
		{B0F0FB73-6BF3-4784-B823-907485756486}.Debug|Any CPU.Build.0 = Debug|Any CPU
		{B0F0FB73-6BF3-4784-B823-907485756486}.Release|Any CPU.ActiveCfg = Release|Any CPU
		{B0F0FB73-6BF3-4784-B823-907485756486}.Release|Any CPU.Build.0 = Release|Any CPU
	EndGlobalSection
	GlobalSection(SolutionProperties) = preSolution
		HideSolutionNode = FALSE
	EndGlobalSection
	GlobalSection(ExtensibilityGlobals) = postSolution
		SolutionGuid = {1581EC13-7F2B-4B89-9F16-E50F249B227E}
	EndGlobalSection
EndGlobal
